
Microsoft Visual Studio Solution File, Format Version 12.00
# Visual Studio Version 17
VisualStudioVersion = 17.7.34031.279
MinimumVisualStudioVersion = 10.0.40219.1
Project("{FAE04EC0-301F-11D3-BF4B-00C04F79EFBC}") = "Week2IFStatements", "Week2IFStatements\Week2IFStatements.csproj", "{2B4172A5-2A07-4C9F-BD1C-C73CDBDD248C}"
EndProject
Global
	GlobalSection(SolutionConfigurationPlatforms) = preSolution
		Debug|Any CPU = Debug|Any CPU
		Release|Any CPU = Release|Any CPU
	EndGlobalSection
	GlobalSection(ProjectConfigurationPlatforms) = postSolution
		{2B4172A5-2A07-4C9F-BD1C-C73CDBDD248C}.Debug|Any CPU.ActiveCfg = Debug|Any CPU
		{2B4172A5-2A07-4C9F-BD1C-C73CDBDD248C}.Debug|Any CPU.Build.0 = Debug|Any CPU
		{2B4172A5-2A07-4C9F-BD1C-C73CDBDD248C}.Release|Any CPU.ActiveCfg = Release|Any CPU
		{2B4172A5-2A07-4C9F-BD1C-C73CDBDD248C}.Release|Any CPU.Build.0 = Release|Any CPU
	EndGlobalSection
	GlobalSection(SolutionProperties) = preSolution
		HideSolutionNode = FALSE
	EndGlobalSection
	GlobalSection(ExtensibilityGlobals) = postSolution
		SolutionGuid = {995B289E-1990-4ACC-89BD-FA18236C4D00}
	EndGlobalSection
EndGlobal
